{
  "version": "3",
  "remote": {
    "https://deno.land/std@0.221.0/dotenv/mod.ts": "0180eaeedaaf88647318811cdaa418cc64dc51fb08354f91f5f480d0a1309f7d",
    "https://deno.land/std@0.221.0/dotenv/parse.ts": "09977ff88dfd1f24f9973a338f0f91bbdb9307eb5ff6085446e7c423e4c7ba0c",
    "https://deno.land/std@0.221.0/dotenv/stringify.ts": "0047ad7068289735d08964046aea267a750c141b494ca0e38831b89be6c020c2",
    "https://deno.land/x/openai@v4.32.1/_shims/MultipartBody.ts": "fe06a56b54ae358c9cf99823096e34b36795fdba2e17513f0e9539210edd797d",
    "https://deno.land/x/openai@v4.32.1/_shims/mod.ts": "2e253cb26bfa7060bd37e45626e60e4bf3e7b3fb3e0f559fdfdeef94c73f9372",
    "https://deno.land/x/openai@v4.32.1/core.ts": "9dff3286285b5240ea17051ea82dff6040b90e40aa56653b483a02ed9c11766d",
    "https://deno.land/x/openai@v4.32.1/error.ts": "0d1b0ef9b72cbfab07346c99554207496c6850d260305e0571e078419b92d531",
    "https://deno.land/x/openai@v4.32.1/lib/AbstractAssistantStreamRunner.ts": "2e7a0a6c3dc541d8eea15f0c2c6c394a4373458707103c210a4c7d1ddb04f5b7",
    "https://deno.land/x/openai@v4.32.1/lib/AbstractChatCompletionRunner.ts": "0b2442b11f59559f1e8d67b2083dd948a7e9d1b7163de968dd290255c19242ce",
    "https://deno.land/x/openai@v4.32.1/lib/AssistantStream.ts": "33f323796bba8cc15794caf85ff33e12cf87413a0085e0316c397ee3b2b7f354",
    "https://deno.land/x/openai@v4.32.1/lib/ChatCompletionRunner.ts": "0d1cc40d99cd64b7d573ab95f9cb75750f24f9829da91e12573122842985a2d0",
    "https://deno.land/x/openai@v4.32.1/lib/ChatCompletionStream.ts": "e5721b3a8c1edb8442c4ab11db947ae2437c6fc999fc2b53d3b1f4b3c27b3549",
    "https://deno.land/x/openai@v4.32.1/lib/ChatCompletionStreamingRunner.ts": "9bcaae3760dd5f9b54d5d4b2ba79b8731bb3dc79214c26e5d0bbdfe809747dd2",
    "https://deno.land/x/openai@v4.32.1/lib/RunnableFunction.ts": "f45a16776de983da6b65e5748eb2c581b6ea9d3849bda0026f24659cf0be2d2c",
    "https://deno.land/x/openai@v4.32.1/lib/chatCompletionUtils.ts": "4991d3e698a54f8e4273eb0f1d73851f7ba549a0a32fabbcd739627677003cb9",
    "https://deno.land/x/openai@v4.32.1/lib/jsonschema.ts": "ed31a7861e19e505c43aa7612579b2739243ee8e8dd47ccb5f8908fa5ff3b5f0",
    "https://deno.land/x/openai@v4.32.1/mod.ts": "f1ba6772048a97d6290389565ff5f05fd2acce572aa0fa5bc6391bfa846a898f",
    "https://deno.land/x/openai@v4.32.1/pagination.ts": "02a6737ca6c987cab6effa2788327d022b9e0edc95dd98db0be986383f484e22",
    "https://deno.land/x/openai@v4.32.1/resource.ts": "c496dbda8dc6324d25fcef3d7233310935259d6aa0baf4b0d95039e4913f6380",
    "https://deno.land/x/openai@v4.32.1/resources/audio/audio.ts": "baddf217421e2c09aa67d6977d9d98bc119edb7167ae6fd3e821778d8c702f19",
    "https://deno.land/x/openai@v4.32.1/resources/audio/speech.ts": "bc653097f1bb269c7344d8ef01251f6b8d2fa6df8fcc0856a80a46b901941cef",
    "https://deno.land/x/openai@v4.32.1/resources/audio/transcriptions.ts": "46398700125fe555415cff2bc70edb71b4969f6dda2e18af4916c6c21269120f",
    "https://deno.land/x/openai@v4.32.1/resources/audio/translations.ts": "ff91c4bd465448e1adc6206bc4824ff6b6869a82b2275976f874bcce61dca24c",
    "https://deno.land/x/openai@v4.32.1/resources/beta/assistants/assistants.ts": "846840cfa4c776138a11b05e784c7d821c2b76beabb395aebb25d81bba55b3fa",
    "https://deno.land/x/openai@v4.32.1/resources/beta/assistants/files.ts": "ecf0d1fa1496fa5c3ca73a3a3304e18e662fedff8cb195e5a4968e8e7272378a",
    "https://deno.land/x/openai@v4.32.1/resources/beta/beta.ts": "b58e8495ff02f69331dde14cae0239574ade2eb9760e57846c66e33a9a8e91d6",
    "https://deno.land/x/openai@v4.32.1/resources/beta/chat/chat.ts": "80dc8786a4b895e9fb152495496f44ac669e95fbb9c2f5a3c0bd379f408b1e1c",
    "https://deno.land/x/openai@v4.32.1/resources/beta/chat/completions.ts": "5e15cb9095f34d2a51e6e79a83dc5a53dc32e9ab99e607ba59732271612ffd19",
    "https://deno.land/x/openai@v4.32.1/resources/beta/threads/messages/files.ts": "6f489243314852ea4aa1557939680e89a4c1cfb06552561ea3a471bbf2fdb35d",
    "https://deno.land/x/openai@v4.32.1/resources/beta/threads/messages/messages.ts": "9d877d631f36a84f4023559936c05fb5abca4c0732cb102035fba63e00fc06be",
    "https://deno.land/x/openai@v4.32.1/resources/beta/threads/runs/runs.ts": "4d8fd9458b6187c0aa2d550bb10d4a0bb6e8e000f38f328aa7ad895307416028",
    "https://deno.land/x/openai@v4.32.1/resources/beta/threads/runs/steps.ts": "9e77cd29a4e6918d59293af3ab5dfdf35a5ceeef8f1fd8f4cca5b8c20ac06416",
    "https://deno.land/x/openai@v4.32.1/resources/beta/threads/threads.ts": "23d29beb81f99ff4fdbb32506d1e08f1db6b0a794f05e158385ade90950abb53",
    "https://deno.land/x/openai@v4.32.1/resources/chat/chat.ts": "53c26ee5cf541587d6b003b99a78e7e594f785f4ebc20a6415be66b398162cd5",
    "https://deno.land/x/openai@v4.32.1/resources/chat/completions.ts": "fa8f7463245449b91bbc6bd0dfda5ab92512122c8ae03809ff4f813e304361c3",
    "https://deno.land/x/openai@v4.32.1/resources/chat/mod.ts": "a89ae7c54f6c12d12f5700fb3b1c90839644cea30494b5a5cf0b26b38ee9ee9d",
    "https://deno.land/x/openai@v4.32.1/resources/completions.ts": "0c763bbae83d817427baa30fbfb4026d16e7df67db5ded6ae5da1587979c64dd",
    "https://deno.land/x/openai@v4.32.1/resources/embeddings.ts": "4009ae23c3d376826a080553feed55e32e3be959ba4543b9377aaa2537ef78d4",
    "https://deno.land/x/openai@v4.32.1/resources/files.ts": "3330823ad474aa036834fb65b53cd2ff32193278a2409a7f36a661906dc01ed6",
    "https://deno.land/x/openai@v4.32.1/resources/fine-tuning/fine-tuning.ts": "67737e2dfda8b60183eb4d4242868664dfe5dbcc7c9222ca72f7377fd113efc3",
    "https://deno.land/x/openai@v4.32.1/resources/fine-tuning/jobs.ts": "d1e0b5e45d8c75dccfc47e0de2d1865ddd73e201fdefd09413e4c6dde7ffbce8",
    "https://deno.land/x/openai@v4.32.1/resources/images.ts": "412919440b470e346df93bae418506f4da5202b38bd15b415140d105cb29b19d",
    "https://deno.land/x/openai@v4.32.1/resources/mod.ts": "d48bad8337a45a213be02a1bdcc1f84f6e644ab13e2586598b48f1fc9dda88a2",
    "https://deno.land/x/openai@v4.32.1/resources/models.ts": "1ed29e3f7126c2574ba5567646a66495916d52dc754c3b3c435cd9329997ab2b",
    "https://deno.land/x/openai@v4.32.1/resources/moderations.ts": "fbda1ed24bcbed6627b611c58964b706e88aac848b5efbec0cc1c45320d53236",
    "https://deno.land/x/openai@v4.32.1/resources/shared.ts": "9bebeb0cc046505283141127639d83565cb36c981d7650ef00b832f497196298",
    "https://deno.land/x/openai@v4.32.1/streaming.ts": "07f32ea0ff6b465c2617ddaf0548c786f3a1dc479b8fdad8e15d02055c6541f7",
    "https://deno.land/x/openai@v4.32.1/uploads.ts": "33857c766326193dd038ca77382f3b361ef92038a938de312f3f95aa77531a46",
    "https://deno.land/x/openai@v4.32.1/version.ts": "b1fb5210151cf288cd39e0dcb13935e52773b88f36d6c7e467a143ddf647e844"
  }
}
