{
  "version": "3",
  "packages": {
    "specifiers": {
      "npm:@vitejs/plugin-react-swc@^3.5.0": "npm:@vitejs/plugin-react-swc@3.6.0_vite@5.2.7",
      "npm:react-dom@^18.2.0": "npm:react-dom@18.2.0_react@18.2.0",
      "npm:react@^18.2.0": "npm:react@18.2.0",
      "npm:vite": "npm:vite@5.2.7",
      "npm:vite@^5.0.10": "npm:vite@5.2.7"
    },
    "npm": {
      "@esbuild/aix-ppc64@0.20.2": {
        "integrity": "sha512-D+EBOJHXdNZcLJRBkhENNG8Wji2kgc9AZ9KiPr1JuZjsNtyHzrsfLRrY0tk2H2aoFu6RANO1y1iPPUCDYWkb5g==",
        "dependencies": {}
      },
      "@esbuild/android-arm64@0.20.2": {
        "integrity": "sha512-mRzjLacRtl/tWU0SvD8lUEwb61yP9cqQo6noDZP/O8VkwafSYwZ4yWy24kan8jE/IMERpYncRt2dw438LP3Xmg==",
        "dependencies": {}
      },
      "@esbuild/android-arm@0.20.2": {
        "integrity": "sha512-t98Ra6pw2VaDhqNWO2Oph2LXbz/EJcnLmKLGBJwEwXX/JAN83Fym1rU8l0JUWK6HkIbWONCSSatf4sf2NBRx/w==",
        "dependencies": {}
      },
      "@esbuild/android-x64@0.20.2": {
        "integrity": "sha512-btzExgV+/lMGDDa194CcUQm53ncxzeBrWJcncOBxuC6ndBkKxnHdFJn86mCIgTELsooUmwUm9FkhSp5HYu00Rg==",
        "dependencies": {}
      },
      "@esbuild/darwin-arm64@0.20.2": {
        "integrity": "sha512-4J6IRT+10J3aJH3l1yzEg9y3wkTDgDk7TSDFX+wKFiWjqWp/iCfLIYzGyasx9l0SAFPT1HwSCR+0w/h1ES/MjA==",
        "dependencies": {}
      },
      "@esbuild/darwin-x64@0.20.2": {
        "integrity": "sha512-tBcXp9KNphnNH0dfhv8KYkZhjc+H3XBkF5DKtswJblV7KlT9EI2+jeA8DgBjp908WEuYll6pF+UStUCfEpdysA==",
        "dependencies": {}
      },
      "@esbuild/freebsd-arm64@0.20.2": {
        "integrity": "sha512-d3qI41G4SuLiCGCFGUrKsSeTXyWG6yem1KcGZVS+3FYlYhtNoNgYrWcvkOoaqMhwXSMrZRl69ArHsGJ9mYdbbw==",
        "dependencies": {}
      },
      "@esbuild/freebsd-x64@0.20.2": {
        "integrity": "sha512-d+DipyvHRuqEeM5zDivKV1KuXn9WeRX6vqSqIDgwIfPQtwMP4jaDsQsDncjTDDsExT4lR/91OLjRo8bmC1e+Cw==",
        "dependencies": {}
      },
      "@esbuild/linux-arm64@0.20.2": {
        "integrity": "sha512-9pb6rBjGvTFNira2FLIWqDk/uaf42sSyLE8j1rnUpuzsODBq7FvpwHYZxQ/It/8b+QOS1RYfqgGFNLRI+qlq2A==",
        "dependencies": {}
      },
      "@esbuild/linux-arm@0.20.2": {
        "integrity": "sha512-VhLPeR8HTMPccbuWWcEUD1Az68TqaTYyj6nfE4QByZIQEQVWBB8vup8PpR7y1QHL3CpcF6xd5WVBU/+SBEvGTg==",
        "dependencies": {}
      },
      "@esbuild/linux-ia32@0.20.2": {
        "integrity": "sha512-o10utieEkNPFDZFQm9CoP7Tvb33UutoJqg3qKf1PWVeeJhJw0Q347PxMvBgVVFgouYLGIhFYG0UGdBumROyiig==",
        "dependencies": {}
      },
      "@esbuild/linux-loong64@0.20.2": {
        "integrity": "sha512-PR7sp6R/UC4CFVomVINKJ80pMFlfDfMQMYynX7t1tNTeivQ6XdX5r2XovMmha/VjR1YN/HgHWsVcTRIMkymrgQ==",
        "dependencies": {}
      },
      "@esbuild/linux-mips64el@0.20.2": {
        "integrity": "sha512-4BlTqeutE/KnOiTG5Y6Sb/Hw6hsBOZapOVF6njAESHInhlQAghVVZL1ZpIctBOoTFbQyGW+LsVYZ8lSSB3wkjA==",
        "dependencies": {}
      },
      "@esbuild/linux-ppc64@0.20.2": {
        "integrity": "sha512-rD3KsaDprDcfajSKdn25ooz5J5/fWBylaaXkuotBDGnMnDP1Uv5DLAN/45qfnf3JDYyJv/ytGHQaziHUdyzaAg==",
        "dependencies": {}
      },
      "@esbuild/linux-riscv64@0.20.2": {
        "integrity": "sha512-snwmBKacKmwTMmhLlz/3aH1Q9T8v45bKYGE3j26TsaOVtjIag4wLfWSiZykXzXuE1kbCE+zJRmwp+ZbIHinnVg==",
        "dependencies": {}
      },
      "@esbuild/linux-s390x@0.20.2": {
        "integrity": "sha512-wcWISOobRWNm3cezm5HOZcYz1sKoHLd8VL1dl309DiixxVFoFe/o8HnwuIwn6sXre88Nwj+VwZUvJf4AFxkyrQ==",
        "dependencies": {}
      },
      "@esbuild/linux-x64@0.20.2": {
        "integrity": "sha512-1MdwI6OOTsfQfek8sLwgyjOXAu+wKhLEoaOLTjbijk6E2WONYpH9ZU2mNtR+lZ2B4uwr+usqGuVfFT9tMtGvGw==",
        "dependencies": {}
      },
      "@esbuild/netbsd-x64@0.20.2": {
        "integrity": "sha512-K8/DhBxcVQkzYc43yJXDSyjlFeHQJBiowJ0uVL6Tor3jGQfSGHNNJcWxNbOI8v5k82prYqzPuwkzHt3J1T1iZQ==",
        "dependencies": {}
      },
      "@esbuild/openbsd-x64@0.20.2": {
        "integrity": "sha512-eMpKlV0SThJmmJgiVyN9jTPJ2VBPquf6Kt/nAoo6DgHAoN57K15ZghiHaMvqjCye/uU4X5u3YSMgVBI1h3vKrQ==",
        "dependencies": {}
      },
      "@esbuild/sunos-x64@0.20.2": {
        "integrity": "sha512-2UyFtRC6cXLyejf/YEld4Hajo7UHILetzE1vsRcGL3earZEW77JxrFjH4Ez2qaTiEfMgAXxfAZCm1fvM/G/o8w==",
        "dependencies": {}
      },
      "@esbuild/win32-arm64@0.20.2": {
        "integrity": "sha512-GRibxoawM9ZCnDxnP3usoUDO9vUkpAxIIZ6GQI+IlVmr5kP3zUq+l17xELTHMWTWzjxa2guPNyrpq1GWmPvcGQ==",
        "dependencies": {}
      },
      "@esbuild/win32-ia32@0.20.2": {
        "integrity": "sha512-HfLOfn9YWmkSKRQqovpnITazdtquEW8/SoHW7pWpuEeguaZI4QnCRW6b+oZTztdBnZOS2hqJ6im/D5cPzBTTlQ==",
        "dependencies": {}
      },
      "@esbuild/win32-x64@0.20.2": {
        "integrity": "sha512-N49X4lJX27+l9jbLKSqZ6bKNjzQvHaT8IIFUy+YIqmXQdjYCToGWwOItDrfby14c78aDd5NHQl29xingXfCdLQ==",
        "dependencies": {}
      },
      "@rollup/rollup-android-arm-eabi@4.14.0": {
        "integrity": "sha512-jwXtxYbRt1V+CdQSy6Z+uZti7JF5irRKF8hlKfEnF/xJpcNGuuiZMBvuoYM+x9sr9iWGnzrlM0+9hvQ1kgkf1w==",
        "dependencies": {}
      },
      "@rollup/rollup-android-arm64@4.14.0": {
        "integrity": "sha512-fI9nduZhCccjzlsA/OuAwtFGWocxA4gqXGTLvOyiF8d+8o0fZUeSztixkYjcGq1fGZY3Tkq4yRvHPFxU+jdZ9Q==",
        "dependencies": {}
      },
      "@rollup/rollup-darwin-arm64@4.14.0": {
        "integrity": "sha512-BcnSPRM76/cD2gQC+rQNGBN6GStBs2pl/FpweW8JYuz5J/IEa0Fr4AtrPv766DB/6b2MZ/AfSIOSGw3nEIP8SA==",
        "dependencies": {}
      },
      "@rollup/rollup-darwin-x64@4.14.0": {
        "integrity": "sha512-LDyFB9GRolGN7XI6955aFeI3wCdCUszFWumWU0deHA8VpR3nWRrjG6GtGjBrQxQKFevnUTHKCfPR4IvrW3kCgQ==",
        "dependencies": {}
      },
      "@rollup/rollup-linux-arm-gnueabihf@4.14.0": {
        "integrity": "sha512-ygrGVhQP47mRh0AAD0zl6QqCbNsf0eTo+vgwkY6LunBcg0f2Jv365GXlDUECIyoXp1kKwL5WW6rsO429DBY/bA==",
        "dependencies": {}
      },
      "@rollup/rollup-linux-arm64-gnu@4.14.0": {
        "integrity": "sha512-x+uJ6MAYRlHGe9wi4HQjxpaKHPM3d3JjqqCkeC5gpnnI6OWovLdXTpfa8trjxPLnWKyBsSi5kne+146GAxFt4A==",
        "dependencies": {}
      },
      "@rollup/rollup-linux-arm64-musl@4.14.0": {
        "integrity": "sha512-nrRw8ZTQKg6+Lttwqo6a2VxR9tOroa2m91XbdQ2sUUzHoedXlsyvY1fN4xWdqz8PKmf4orDwejxXHjh7YBGUCA==",
        "dependencies": {}
      },
      "@rollup/rollup-linux-powerpc64le-gnu@4.14.0": {
        "integrity": "sha512-xV0d5jDb4aFu84XKr+lcUJ9y3qpIWhttO3Qev97z8DKLXR62LC3cXT/bMZXrjLF9X+P5oSmJTzAhqwUbY96PnA==",
        "dependencies": {}
      },
      "@rollup/rollup-linux-riscv64-gnu@4.14.0": {
        "integrity": "sha512-SDDhBQwZX6LPRoPYjAZWyL27LbcBo7WdBFWJi5PI9RPCzU8ijzkQn7tt8NXiXRiFMJCVpkuMkBf4OxSxVMizAw==",
        "dependencies": {}
      },
      "@rollup/rollup-linux-s390x-gnu@4.14.0": {
        "integrity": "sha512-RxB/qez8zIDshNJDufYlTT0ZTVut5eCpAZ3bdXDU9yTxBzui3KhbGjROK2OYTTor7alM7XBhssgoO3CZ0XD3qA==",
        "dependencies": {}
      },
      "@rollup/rollup-linux-x64-gnu@4.14.0": {
        "integrity": "sha512-C6y6z2eCNCfhZxT9u+jAM2Fup89ZjiG5pIzZIDycs1IwESviLxwkQcFRGLjnDrP+PT+v5i4YFvlcfAs+LnreXg==",
        "dependencies": {}
      },
      "@rollup/rollup-linux-x64-musl@4.14.0": {
        "integrity": "sha512-i0QwbHYfnOMYsBEyjxcwGu5SMIi9sImDVjDg087hpzXqhBSosxkE7gyIYFHgfFl4mr7RrXksIBZ4DoLoP4FhJg==",
        "dependencies": {}
      },
      "@rollup/rollup-win32-arm64-msvc@4.14.0": {
        "integrity": "sha512-Fq52EYb0riNHLBTAcL0cun+rRwyZ10S9vKzhGKKgeD+XbwunszSY0rVMco5KbOsTlwovP2rTOkiII/fQ4ih/zQ==",
        "dependencies": {}
      },
      "@rollup/rollup-win32-ia32-msvc@4.14.0": {
        "integrity": "sha512-e/PBHxPdJ00O9p5Ui43+vixSgVf4NlLsmV6QneGERJ3lnjIua/kim6PRFe3iDueT1rQcgSkYP8ZBBXa/h4iPvw==",
        "dependencies": {}
      },
      "@rollup/rollup-win32-x64-msvc@4.14.0": {
        "integrity": "sha512-aGg7iToJjdklmxlUlJh/PaPNa4PmqHfyRMLunbL3eaMO0gp656+q1zOKkpJ/CVe9CryJv6tAN1HDoR8cNGzkag==",
        "dependencies": {}
      },
      "@swc/core-darwin-arm64@1.4.11": {
        "integrity": "sha512-C1j1Qp/IHSelVWdEnT7f0iONWxQz6FAqzjCF2iaL+0vFg4V5f2nlgrueY8vj5pNNzSGhrAlxsMxEIp4dj1MXkg==",
        "dependencies": {}
      },
      "@swc/core-darwin-x64@1.4.11": {
        "integrity": "sha512-0TTy3Ni8ncgaMCchSQ7FK8ZXQLlamy0FXmGWbR58c+pVZWYZltYPTmheJUvVcR0H2+gPAymRKyfC0iLszDALjg==",
        "dependencies": {}
      },
      "@swc/core-linux-arm-gnueabihf@1.4.11": {
        "integrity": "sha512-XJLB71uw0rog4DjYAPxFGAuGCBQpgJDlPZZK6MTmZOvI/1t0+DelJ24IjHIxk500YYM26Yv47xPabqFPD7I2zQ==",
        "dependencies": {}
      },
      "@swc/core-linux-arm64-gnu@1.4.11": {
        "integrity": "sha512-vYQwzJvm/iu052d5Iw27UFALIN5xSrGkPZXxLNMHPySVko2QMNNBv35HLatkEQHbQ3X+VKSW9J9SkdtAvAVRAQ==",
        "dependencies": {}
      },
      "@swc/core-linux-arm64-musl@1.4.11": {
        "integrity": "sha512-eV+KduiRYUFjPsvbZuJ9aknQH9Tj0U2/G9oIZSzLx/18WsYi+upzHbgxmIIHJ2VJgfd7nN40RI/hMtxNsUzR/g==",
        "dependencies": {}
      },
      "@swc/core-linux-x64-gnu@1.4.11": {
        "integrity": "sha512-WA1iGXZ2HpqM1OR9VCQZJ8sQ1KP2or9O4bO8vWZo6HZJIeoQSo7aa9waaCLRpkZvkng1ct/TF/l6ymqSNFXIzQ==",
        "dependencies": {}
      },
      "@swc/core-linux-x64-musl@1.4.11": {
        "integrity": "sha512-UkVJToKf0owwQYRnGvjHAeYVDfeimCEcx0VQSbJoN7Iy0ckRZi7YPlmWJU31xtKvikE2bQWCOVe0qbSDqqcWXA==",
        "dependencies": {}
      },
      "@swc/core-win32-arm64-msvc@1.4.11": {
        "integrity": "sha512-35khwkyly7lF5NDSyvIrukBMzxPorgc5iTSDfVO/LvnmN5+fm4lTlrDr4tUfTdOhv3Emy7CsKlsNAeFRJ+Pm+w==",
        "dependencies": {}
      },
      "@swc/core-win32-ia32-msvc@1.4.11": {
        "integrity": "sha512-Wx8/6f0ufgQF2pbVPsJ2dAmFLwIOW+xBE5fxnb7VnEbGkTgP1qMDWiiAtD9rtvDSuODG3i1AEmAak/2HAc6i6A==",
        "dependencies": {}
      },
      "@swc/core-win32-x64-msvc@1.4.11": {
        "integrity": "sha512-0xRFW6K9UZQH2NVC/0pVB0GJXS45lY24f+6XaPBF1YnMHd8A8GoHl7ugyM5yNUTe2AKhSgk5fJV00EJt/XBtdQ==",
        "dependencies": {}
      },
      "@swc/core@1.4.11": {
        "integrity": "sha512-WKEakMZxkVwRdgMN4AMJ9K5nysY8g8npgQPczmjBeNK5In7QEAZAJwnyccrWwJZU0XjVeHn2uj+XbOKdDW17rg==",
        "dependencies": {
          "@swc/core-darwin-arm64": "@swc/core-darwin-arm64@1.4.11",
          "@swc/core-darwin-x64": "@swc/core-darwin-x64@1.4.11",
          "@swc/core-linux-arm-gnueabihf": "@swc/core-linux-arm-gnueabihf@1.4.11",
          "@swc/core-linux-arm64-gnu": "@swc/core-linux-arm64-gnu@1.4.11",
          "@swc/core-linux-arm64-musl": "@swc/core-linux-arm64-musl@1.4.11",
          "@swc/core-linux-x64-gnu": "@swc/core-linux-x64-gnu@1.4.11",
          "@swc/core-linux-x64-musl": "@swc/core-linux-x64-musl@1.4.11",
          "@swc/core-win32-arm64-msvc": "@swc/core-win32-arm64-msvc@1.4.11",
          "@swc/core-win32-ia32-msvc": "@swc/core-win32-ia32-msvc@1.4.11",
          "@swc/core-win32-x64-msvc": "@swc/core-win32-x64-msvc@1.4.11",
          "@swc/counter": "@swc/counter@0.1.3",
          "@swc/types": "@swc/types@0.1.6"
        }
      },
      "@swc/counter@0.1.3": {
        "integrity": "sha512-e2BR4lsJkkRlKZ/qCHPw9ZaSxc0MVUd7gtbtaB7aMvHeJVYe8sOB8DBZkP2DtISHGSku9sCK6T6cnY0CtXrOCQ==",
        "dependencies": {}
      },
      "@swc/types@0.1.6": {
        "integrity": "sha512-/JLo/l2JsT/LRd80C3HfbmVpxOAJ11FO2RCEslFrgzLltoP9j8XIbsyDcfCt2WWyX+CM96rBoNM+IToAkFOugg==",
        "dependencies": {
          "@swc/counter": "@swc/counter@0.1.3"
        }
      },
      "@types/estree@1.0.5": {
        "integrity": "sha512-/kYRxGDLWzHOB7q+wtSUQlFrtcdUccpfy+X+9iMBpHK8QLLhx2wIPYuS5DYtR9Wa/YlZAbIovy7qVdB1Aq6Lyw==",
        "dependencies": {}
      },
      "@vitejs/plugin-react-swc@3.6.0_vite@5.2.7": {
        "integrity": "sha512-XFRbsGgpGxGzEV5i5+vRiro1bwcIaZDIdBRP16qwm+jP68ue/S8FJTBEgOeojtVDYrbSua3XFp71kC8VJE6v+g==",
        "dependencies": {
          "@swc/core": "@swc/core@1.4.11",
          "vite": "vite@5.2.7"
        }
      },
      "esbuild@0.20.2": {
        "integrity": "sha512-WdOOppmUNU+IbZ0PaDiTst80zjnrOkyJNHoKupIcVyU8Lvla3Ugx94VzkQ32Ijqd7UhHJy75gNWDMUekcrSJ6g==",
        "dependencies": {
          "@esbuild/aix-ppc64": "@esbuild/aix-ppc64@0.20.2",
          "@esbuild/android-arm": "@esbuild/android-arm@0.20.2",
          "@esbuild/android-arm64": "@esbuild/android-arm64@0.20.2",
          "@esbuild/android-x64": "@esbuild/android-x64@0.20.2",
          "@esbuild/darwin-arm64": "@esbuild/darwin-arm64@0.20.2",
          "@esbuild/darwin-x64": "@esbuild/darwin-x64@0.20.2",
          "@esbuild/freebsd-arm64": "@esbuild/freebsd-arm64@0.20.2",
          "@esbuild/freebsd-x64": "@esbuild/freebsd-x64@0.20.2",
          "@esbuild/linux-arm": "@esbuild/linux-arm@0.20.2",
          "@esbuild/linux-arm64": "@esbuild/linux-arm64@0.20.2",
          "@esbuild/linux-ia32": "@esbuild/linux-ia32@0.20.2",
          "@esbuild/linux-loong64": "@esbuild/linux-loong64@0.20.2",
          "@esbuild/linux-mips64el": "@esbuild/linux-mips64el@0.20.2",
          "@esbuild/linux-ppc64": "@esbuild/linux-ppc64@0.20.2",
          "@esbuild/linux-riscv64": "@esbuild/linux-riscv64@0.20.2",
          "@esbuild/linux-s390x": "@esbuild/linux-s390x@0.20.2",
          "@esbuild/linux-x64": "@esbuild/linux-x64@0.20.2",
          "@esbuild/netbsd-x64": "@esbuild/netbsd-x64@0.20.2",
          "@esbuild/openbsd-x64": "@esbuild/openbsd-x64@0.20.2",
          "@esbuild/sunos-x64": "@esbuild/sunos-x64@0.20.2",
          "@esbuild/win32-arm64": "@esbuild/win32-arm64@0.20.2",
          "@esbuild/win32-ia32": "@esbuild/win32-ia32@0.20.2",
          "@esbuild/win32-x64": "@esbuild/win32-x64@0.20.2"
        }
      },
      "fsevents@2.3.3": {
        "integrity": "sha512-5xoDfX+fL7faATnagmWPpbFtwh/R77WmMMqqHGS65C3vvB0YHrgF+B1YmZ3441tMj5n63k0212XNoJwzlhffQw==",
        "dependencies": {}
      },
      "js-tokens@4.0.0": {
        "integrity": "sha512-RdJUflcE3cUzKiMqQgsCu06FPu9UdIJO0beYbPhHN4k6apgJtifcoCtT9bcxOpYBtpD2kCM6Sbzg4CausW/PKQ==",
        "dependencies": {}
      },
      "loose-envify@1.4.0": {
        "integrity": "sha512-lyuxPGr/Wfhrlem2CL/UcnUc1zcqKAImBDzukY7Y5F/yQiNdko6+fRLevlw1HgMySw7f611UIY408EtxRSoK3Q==",
        "dependencies": {
          "js-tokens": "js-tokens@4.0.0"
        }
      },
      "nanoid@3.3.7": {
        "integrity": "sha512-eSRppjcPIatRIMC1U6UngP8XFcz8MQWGQdt1MTBQ7NaAmvXDfvNxbvWV3x2y6CdEUciCSsDHDQZbhYaB8QEo2g==",
        "dependencies": {}
      },
      "picocolors@1.0.0": {
        "integrity": "sha512-1fygroTLlHu66zi26VoTDv8yRgm0Fccecssto+MhsZ0D/DGW2sm8E8AjW7NU5VVTRt5GxbeZ5qBuJr+HyLYkjQ==",
        "dependencies": {}
      },
      "postcss@8.4.38": {
        "integrity": "sha512-Wglpdk03BSfXkHoQa3b/oulrotAkwrlLDRSOb9D0bN86FdRyE9lppSp33aHNPgBa0JKCoB+drFLZkQoRRYae5A==",
        "dependencies": {
          "nanoid": "nanoid@3.3.7",
          "picocolors": "picocolors@1.0.0",
          "source-map-js": "source-map-js@1.2.0"
        }
      },
      "react-dom@18.2.0_react@18.2.0": {
        "integrity": "sha512-6IMTriUmvsjHUjNtEDudZfuDQUoWXVxKHhlEGSk81n4YFS+r/Kl99wXiwlVXtPBtJenozv2P+hxDsw9eA7Xo6g==",
        "dependencies": {
          "loose-envify": "loose-envify@1.4.0",
          "react": "react@18.2.0",
          "scheduler": "scheduler@0.23.0"
        }
      },
      "react@18.2.0": {
        "integrity": "sha512-/3IjMdb2L9QbBdWiW5e3P2/npwMBaU9mHCSCUzNln0ZCYbcfTsGbTJrU/kGemdH2IWmB2ioZ+zkxtmq6g09fGQ==",
        "dependencies": {
          "loose-envify": "loose-envify@1.4.0"
        }
      },
      "rollup@4.14.0": {
        "integrity": "sha512-Qe7w62TyawbDzB4yt32R0+AbIo6m1/sqO7UPzFS8Z/ksL5mrfhA0v4CavfdmFav3D+ub4QeAgsGEe84DoWe/nQ==",
        "dependencies": {
          "@rollup/rollup-android-arm-eabi": "@rollup/rollup-android-arm-eabi@4.14.0",
          "@rollup/rollup-android-arm64": "@rollup/rollup-android-arm64@4.14.0",
          "@rollup/rollup-darwin-arm64": "@rollup/rollup-darwin-arm64@4.14.0",
          "@rollup/rollup-darwin-x64": "@rollup/rollup-darwin-x64@4.14.0",
          "@rollup/rollup-linux-arm-gnueabihf": "@rollup/rollup-linux-arm-gnueabihf@4.14.0",
          "@rollup/rollup-linux-arm64-gnu": "@rollup/rollup-linux-arm64-gnu@4.14.0",
          "@rollup/rollup-linux-arm64-musl": "@rollup/rollup-linux-arm64-musl@4.14.0",
          "@rollup/rollup-linux-powerpc64le-gnu": "@rollup/rollup-linux-powerpc64le-gnu@4.14.0",
          "@rollup/rollup-linux-riscv64-gnu": "@rollup/rollup-linux-riscv64-gnu@4.14.0",
          "@rollup/rollup-linux-s390x-gnu": "@rollup/rollup-linux-s390x-gnu@4.14.0",
          "@rollup/rollup-linux-x64-gnu": "@rollup/rollup-linux-x64-gnu@4.14.0",
          "@rollup/rollup-linux-x64-musl": "@rollup/rollup-linux-x64-musl@4.14.0",
          "@rollup/rollup-win32-arm64-msvc": "@rollup/rollup-win32-arm64-msvc@4.14.0",
          "@rollup/rollup-win32-ia32-msvc": "@rollup/rollup-win32-ia32-msvc@4.14.0",
          "@rollup/rollup-win32-x64-msvc": "@rollup/rollup-win32-x64-msvc@4.14.0",
          "@types/estree": "@types/estree@1.0.5",
          "fsevents": "fsevents@2.3.3"
        }
      },
      "scheduler@0.23.0": {
        "integrity": "sha512-CtuThmgHNg7zIZWAXi3AsyIzA3n4xx7aNyjwC2VJldO2LMVDhFK+63xGqq6CsJH4rTAt6/M+N4GhZiDYPx9eUw==",
        "dependencies": {
          "loose-envify": "loose-envify@1.4.0"
        }
      },
      "source-map-js@1.2.0": {
        "integrity": "sha512-itJW8lvSA0TXEphiRoawsCksnlf8SyvmFzIhltqAHluXd88pkCd+cXJVHTDwdCr0IzwptSm035IHQktUu1QUMg==",
        "dependencies": {}
      },
      "vite@5.2.7": {
        "integrity": "sha512-k14PWOKLI6pMaSzAuGtT+Cf0YmIx12z9YGon39onaJNy8DLBfBJrzg9FQEmkAM5lpHBZs9wksWAsyF/HkpEwJA==",
        "dependencies": {
          "esbuild": "esbuild@0.20.2",
          "fsevents": "fsevents@2.3.3",
          "postcss": "postcss@8.4.38",
          "rollup": "rollup@4.14.0"
        }
      }
    }
  },
  "redirects": {
    "https://deno.land/std/http/file_server.ts": "https://deno.land/std@0.221.0/http/file_server.ts"
  },
  "remote": {
    "https://deno.land/std@0.221.0/assert/assert.ts": "bec068b2fccdd434c138a555b19a2c2393b71dfaada02b7d568a01541e67cdc5",
    "https://deno.land/std@0.221.0/assert/assertion_error.ts": "9f689a101ee586c4ce92f52fa7ddd362e86434ffdf1f848e45987dc7689976b8",
    "https://deno.land/std@0.221.0/cli/parse_args.ts": "5250832fb7c544d9111e8a41ad272c016f5a53f975ef84d5a9fe5fcb70566ece",
    "https://deno.land/std@0.221.0/dotenv/mod.ts": "0180eaeedaaf88647318811cdaa418cc64dc51fb08354f91f5f480d0a1309f7d",
    "https://deno.land/std@0.221.0/dotenv/parse.ts": "09977ff88dfd1f24f9973a338f0f91bbdb9307eb5ff6085446e7c423e4c7ba0c",
    "https://deno.land/std@0.221.0/dotenv/stringify.ts": "0047ad7068289735d08964046aea267a750c141b494ca0e38831b89be6c020c2",
    "https://deno.land/std@0.221.0/encoding/_util.ts": "beacef316c1255da9bc8e95afb1fa56ed69baef919c88dc06ae6cb7a6103d376",
    "https://deno.land/std@0.221.0/encoding/base64.ts": "8ccae67a1227b875340a8582ff707f37b131df435b07080d3bb58e07f5f97807",
    "https://deno.land/std@0.221.0/fmt/bytes.ts": "7b294a4b9cf0297efa55acb55d50610f3e116a0ac772d1df0ae00f0b833ccd4a",
    "https://deno.land/std@0.221.0/fmt/colors.ts": "d239d84620b921ea520125d778947881f62c50e78deef2657073840b8af9559a",
    "https://deno.land/std@0.221.0/http/etag.ts": "265a224c970e7cdb6136e8a08ac1033d0ba68ddd127d5a5f9ac0d1d4fdd0c4fc",
    "https://deno.land/std@0.221.0/http/file_server.ts": "fe0a77a4de8c3dae3afa206b4317e2dce0b497252fb7319bf7febd6e65fded80",
    "https://deno.land/std@0.221.0/http/status.ts": "ed61b4882af2514a81aefd3245e8df4c47b9a8e54929a903577643d2d1ebf514",
    "https://deno.land/std@0.221.0/media_types/_db.ts": "19563a2491cd81b53b9c1c6ffd1a9145c355042d4a854c52f6e1424f73ff3923",
    "https://deno.land/std@0.221.0/media_types/_util.ts": "97fadcdfc82fdb02da87efb0fcd3171b0004fb810284114e9d0914a7c4a0b7e5",
    "https://deno.land/std@0.221.0/media_types/content_type.ts": "ed3f2e1f243b418ad3f441edc95fd92efbadb0f9bde36219c7564c67f9639513",
    "https://deno.land/std@0.221.0/media_types/format_media_type.ts": "ffef4718afa2489530cb94021bb865a466eb02037609f7e82899c017959d288a",
    "https://deno.land/std@0.221.0/media_types/get_charset.ts": "277ebfceb205bd34e616fe6764ef03fb277b77f040706272bea8680806ae3f11",
    "https://deno.land/std@0.221.0/media_types/parse_media_type.ts": "487f000a38c230ccbac25420a50f600862e06796d0eee19d19631b9e84ee9654",
    "https://deno.land/std@0.221.0/media_types/type_by_extension.ts": "bf4e3f5d6b58b624d5daa01cbb8b1e86d9939940a77e7c26e796a075b60ec73b",
    "https://deno.land/std@0.221.0/media_types/vendor/mime-db.v1.52.0.ts": "0218d2c7d900e8cd6fa4a866e0c387712af4af9a1bae55d6b2546c73d273a1e6",
    "https://deno.land/std@0.221.0/path/_common/assert_path.ts": "dbdd757a465b690b2cc72fc5fb7698c51507dec6bfafce4ca500c46b76ff7bd8",
    "https://deno.land/std@0.221.0/path/_common/constants.ts": "dc5f8057159f4b48cd304eb3027e42f1148cf4df1fb4240774d3492b5d12ac0c",
    "https://deno.land/std@0.221.0/path/_common/normalize.ts": "684df4aa71a04bbcc346c692c8485594fc8a90b9408dfbc26ff32cf3e0c98cc8",
    "https://deno.land/std@0.221.0/path/_common/normalize_string.ts": "33edef773c2a8e242761f731adeb2bd6d683e9c69e4e3d0092985bede74f4ac3",
    "https://deno.land/std@0.221.0/path/_common/relative.ts": "faa2753d9b32320ed4ada0733261e3357c186e5705678d9dd08b97527deae607",
    "https://deno.land/std@0.221.0/path/_os.ts": "8fb9b90fb6b753bd8c77cfd8a33c2ff6c5f5bc185f50de8ca4ac6a05710b2c15",
    "https://deno.land/std@0.221.0/path/constants.ts": "0c206169ca104938ede9da48ac952de288f23343304a1c3cb6ec7625e7325f36",
    "https://deno.land/std@0.221.0/path/extname.ts": "593303db8ae8c865cbd9ceec6e55d4b9ac5410c1e276bfd3131916591b954441",
    "https://deno.land/std@0.221.0/path/join.ts": "ae2ec5ca44c7e84a235fd532e4a0116bfb1f2368b394db1c4fb75e3c0f26a33a",
    "https://deno.land/std@0.221.0/path/posix/_util.ts": "1e3937da30f080bfc99fe45d7ed23c47dd8585c5e473b2d771380d3a6937cf9d",
    "https://deno.land/std@0.221.0/path/posix/extname.ts": "e398c1d9d1908d3756a7ed94199fcd169e79466dd88feffd2f47ce0abf9d61d2",
    "https://deno.land/std@0.221.0/path/posix/join.ts": "7fc2cb3716aa1b863e990baf30b101d768db479e70b7313b4866a088db016f63",
    "https://deno.land/std@0.221.0/path/posix/normalize.ts": "baeb49816a8299f90a0237d214cef46f00ba3e95c0d2ceb74205a6a584b58a91",
    "https://deno.land/std@0.221.0/path/posix/relative.ts": "3907d6eda41f0ff723d336125a1ad4349112cd4d48f693859980314d5b9da31c",
    "https://deno.land/std@0.221.0/path/posix/resolve.ts": "08b699cfeee10cb6857ccab38fa4b2ec703b0ea33e8e69964f29d02a2d5257cf",
    "https://deno.land/std@0.221.0/path/relative.ts": "ab739d727180ed8727e34ed71d976912461d98e2b76de3d3de834c1066667add",
    "https://deno.land/std@0.221.0/path/resolve.ts": "a6f977bdb4272e79d8d0ed4333e3d71367cc3926acf15ac271f1d059c8494d8d",
    "https://deno.land/std@0.221.0/path/windows/_util.ts": "d5f47363e5293fced22c984550d5e70e98e266cc3f31769e1710511803d04808",
    "https://deno.land/std@0.221.0/path/windows/extname.ts": "165a61b00d781257fda1e9606a48c78b06815385e7d703232548dbfc95346bef",
    "https://deno.land/std@0.221.0/path/windows/join.ts": "8d03530ab89195185103b7da9dfc6327af13eabdcd44c7c63e42e27808f50ecf",
    "https://deno.land/std@0.221.0/path/windows/normalize.ts": "78126170ab917f0ca355a9af9e65ad6bfa5be14d574c5fb09bb1920f52577780",
    "https://deno.land/std@0.221.0/path/windows/relative.ts": "3e1abc7977ee6cc0db2730d1f9cb38be87b0ce4806759d271a70e4997fc638d7",
    "https://deno.land/std@0.221.0/path/windows/resolve.ts": "8dae1dadfed9d46ff46cc337c9525c0c7d959fb400a6308f34595c45bdca1972",
    "https://deno.land/std@0.221.0/streams/byte_slice_stream.ts": "5bbdcadb118390affa9b3d0a0f73ef8e83754f59bb89df349add669dd9369713",
    "https://deno.land/std@0.221.0/version.ts": "6126c3d9523d81d253ce104a0f9c8ecc96b3cefaba17280fa805ff8bef5011f5",
    "https://deno.land/x/openai@v4.32.1/_shims/MultipartBody.ts": "fe06a56b54ae358c9cf99823096e34b36795fdba2e17513f0e9539210edd797d",
    "https://deno.land/x/openai@v4.32.1/_shims/mod.ts": "2e253cb26bfa7060bd37e45626e60e4bf3e7b3fb3e0f559fdfdeef94c73f9372",
    "https://deno.land/x/openai@v4.32.1/core.ts": "9dff3286285b5240ea17051ea82dff6040b90e40aa56653b483a02ed9c11766d",
    "https://deno.land/x/openai@v4.32.1/error.ts": "0d1b0ef9b72cbfab07346c99554207496c6850d260305e0571e078419b92d531",
    "https://deno.land/x/openai@v4.32.1/lib/AbstractAssistantStreamRunner.ts": "2e7a0a6c3dc541d8eea15f0c2c6c394a4373458707103c210a4c7d1ddb04f5b7",
    "https://deno.land/x/openai@v4.32.1/lib/AbstractChatCompletionRunner.ts": "0b2442b11f59559f1e8d67b2083dd948a7e9d1b7163de968dd290255c19242ce",
    "https://deno.land/x/openai@v4.32.1/lib/AssistantStream.ts": "33f323796bba8cc15794caf85ff33e12cf87413a0085e0316c397ee3b2b7f354",
    "https://deno.land/x/openai@v4.32.1/lib/ChatCompletionRunner.ts": "0d1cc40d99cd64b7d573ab95f9cb75750f24f9829da91e12573122842985a2d0",
    "https://deno.land/x/openai@v4.32.1/lib/ChatCompletionStream.ts": "e5721b3a8c1edb8442c4ab11db947ae2437c6fc999fc2b53d3b1f4b3c27b3549",
    "https://deno.land/x/openai@v4.32.1/lib/ChatCompletionStreamingRunner.ts": "9bcaae3760dd5f9b54d5d4b2ba79b8731bb3dc79214c26e5d0bbdfe809747dd2",
    "https://deno.land/x/openai@v4.32.1/lib/RunnableFunction.ts": "f45a16776de983da6b65e5748eb2c581b6ea9d3849bda0026f24659cf0be2d2c",
    "https://deno.land/x/openai@v4.32.1/lib/chatCompletionUtils.ts": "4991d3e698a54f8e4273eb0f1d73851f7ba549a0a32fabbcd739627677003cb9",
    "https://deno.land/x/openai@v4.32.1/lib/jsonschema.ts": "ed31a7861e19e505c43aa7612579b2739243ee8e8dd47ccb5f8908fa5ff3b5f0",
    "https://deno.land/x/openai@v4.32.1/mod.ts": "f1ba6772048a97d6290389565ff5f05fd2acce572aa0fa5bc6391bfa846a898f",
    "https://deno.land/x/openai@v4.32.1/pagination.ts": "02a6737ca6c987cab6effa2788327d022b9e0edc95dd98db0be986383f484e22",
    "https://deno.land/x/openai@v4.32.1/resource.ts": "c496dbda8dc6324d25fcef3d7233310935259d6aa0baf4b0d95039e4913f6380",
    "https://deno.land/x/openai@v4.32.1/resources/audio/audio.ts": "baddf217421e2c09aa67d6977d9d98bc119edb7167ae6fd3e821778d8c702f19",
    "https://deno.land/x/openai@v4.32.1/resources/audio/speech.ts": "bc653097f1bb269c7344d8ef01251f6b8d2fa6df8fcc0856a80a46b901941cef",
    "https://deno.land/x/openai@v4.32.1/resources/audio/transcriptions.ts": "46398700125fe555415cff2bc70edb71b4969f6dda2e18af4916c6c21269120f",
    "https://deno.land/x/openai@v4.32.1/resources/audio/translations.ts": "ff91c4bd465448e1adc6206bc4824ff6b6869a82b2275976f874bcce61dca24c",
    "https://deno.land/x/openai@v4.32.1/resources/beta/assistants/assistants.ts": "846840cfa4c776138a11b05e784c7d821c2b76beabb395aebb25d81bba55b3fa",
    "https://deno.land/x/openai@v4.32.1/resources/beta/assistants/files.ts": "ecf0d1fa1496fa5c3ca73a3a3304e18e662fedff8cb195e5a4968e8e7272378a",
    "https://deno.land/x/openai@v4.32.1/resources/beta/beta.ts": "b58e8495ff02f69331dde14cae0239574ade2eb9760e57846c66e33a9a8e91d6",
    "https://deno.land/x/openai@v4.32.1/resources/beta/chat/chat.ts": "80dc8786a4b895e9fb152495496f44ac669e95fbb9c2f5a3c0bd379f408b1e1c",
    "https://deno.land/x/openai@v4.32.1/resources/beta/chat/completions.ts": "5e15cb9095f34d2a51e6e79a83dc5a53dc32e9ab99e607ba59732271612ffd19",
    "https://deno.land/x/openai@v4.32.1/resources/beta/threads/messages/files.ts": "6f489243314852ea4aa1557939680e89a4c1cfb06552561ea3a471bbf2fdb35d",
    "https://deno.land/x/openai@v4.32.1/resources/beta/threads/messages/messages.ts": "9d877d631f36a84f4023559936c05fb5abca4c0732cb102035fba63e00fc06be",
    "https://deno.land/x/openai@v4.32.1/resources/beta/threads/runs/runs.ts": "4d8fd9458b6187c0aa2d550bb10d4a0bb6e8e000f38f328aa7ad895307416028",
    "https://deno.land/x/openai@v4.32.1/resources/beta/threads/runs/steps.ts": "9e77cd29a4e6918d59293af3ab5dfdf35a5ceeef8f1fd8f4cca5b8c20ac06416",
    "https://deno.land/x/openai@v4.32.1/resources/beta/threads/threads.ts": "23d29beb81f99ff4fdbb32506d1e08f1db6b0a794f05e158385ade90950abb53",
    "https://deno.land/x/openai@v4.32.1/resources/chat/chat.ts": "53c26ee5cf541587d6b003b99a78e7e594f785f4ebc20a6415be66b398162cd5",
    "https://deno.land/x/openai@v4.32.1/resources/chat/completions.ts": "fa8f7463245449b91bbc6bd0dfda5ab92512122c8ae03809ff4f813e304361c3",
    "https://deno.land/x/openai@v4.32.1/resources/chat/mod.ts": "a89ae7c54f6c12d12f5700fb3b1c90839644cea30494b5a5cf0b26b38ee9ee9d",
    "https://deno.land/x/openai@v4.32.1/resources/completions.ts": "0c763bbae83d817427baa30fbfb4026d16e7df67db5ded6ae5da1587979c64dd",
    "https://deno.land/x/openai@v4.32.1/resources/embeddings.ts": "4009ae23c3d376826a080553feed55e32e3be959ba4543b9377aaa2537ef78d4",
    "https://deno.land/x/openai@v4.32.1/resources/files.ts": "3330823ad474aa036834fb65b53cd2ff32193278a2409a7f36a661906dc01ed6",
    "https://deno.land/x/openai@v4.32.1/resources/fine-tuning/fine-tuning.ts": "67737e2dfda8b60183eb4d4242868664dfe5dbcc7c9222ca72f7377fd113efc3",
    "https://deno.land/x/openai@v4.32.1/resources/fine-tuning/jobs.ts": "d1e0b5e45d8c75dccfc47e0de2d1865ddd73e201fdefd09413e4c6dde7ffbce8",
    "https://deno.land/x/openai@v4.32.1/resources/images.ts": "412919440b470e346df93bae418506f4da5202b38bd15b415140d105cb29b19d",
    "https://deno.land/x/openai@v4.32.1/resources/mod.ts": "d48bad8337a45a213be02a1bdcc1f84f6e644ab13e2586598b48f1fc9dda88a2",
    "https://deno.land/x/openai@v4.32.1/resources/models.ts": "1ed29e3f7126c2574ba5567646a66495916d52dc754c3b3c435cd9329997ab2b",
    "https://deno.land/x/openai@v4.32.1/resources/moderations.ts": "fbda1ed24bcbed6627b611c58964b706e88aac848b5efbec0cc1c45320d53236",
    "https://deno.land/x/openai@v4.32.1/resources/shared.ts": "9bebeb0cc046505283141127639d83565cb36c981d7650ef00b832f497196298",
    "https://deno.land/x/openai@v4.32.1/streaming.ts": "07f32ea0ff6b465c2617ddaf0548c786f3a1dc479b8fdad8e15d02055c6541f7",
    "https://deno.land/x/openai@v4.32.1/uploads.ts": "33857c766326193dd038ca77382f3b361ef92038a938de312f3f95aa77531a46",
    "https://deno.land/x/openai@v4.32.1/version.ts": "b1fb5210151cf288cd39e0dcb13935e52773b88f36d6c7e467a143ddf647e844"
  }
}
